Microsoft Visual Studio Solution File, Format Version 12.00
# Visual Studio 2012
Project("{FAE04EC0-301F-11D3-BF4B-00C04F79EFBC}") = "ConeSharp", "ConeSharp\ConeSharp.csproj", "{8B1C20E6-7060-4314-BC7A-391A489EF96F}"
EndProject
Global
	GlobalSection(SolutionConfigurationPlatforms) = preSolution
		Debug|Any CPU = Debug|Any CPU
		Release|Any CPU = Release|Any CPU
	EndGlobalSection
	GlobalSection(ProjectConfigurationPlatforms) = postSolution
		{8B1C20E6-7060-4314-BC7A-391A489EF96F}.Debug|Any CPU.ActiveCfg = Debug|Any CPU
		{8B1C20E6-7060-4314-BC7A-391A489EF96F}.Debug|Any CPU.Build.0 = Debug|Any CPU
		{8B1C20E6-7060-4314-BC7A-391A489EF96F}.Release|Any CPU.ActiveCfg = Release|Any CPU
		{8B1C20E6-7060-4314-BC7A-391A489EF96F}.Release|Any CPU.Build.0 = Release|Any CPU
	EndGlobalSection
	GlobalSection(SolutionProperties) = preSolution
		HideSolutionNode = FALSE
	EndGlobalSection
EndGlobal
